
Microsoft Visual Studio Solution File, Format Version 12.00
# Visual Studio Version 16
VisualStudioVersion = 16.0.30804.86
MinimumVisualStudioVersion = 10.0.40219.1
Project("{8BC9CEB8-8B4A-11D0-8D11-00A0C91BC942}") = "dqc_maple", "dqc_maple.vcxproj", "{CD5C6FAB-9F86-4320-A57C-87B27E7BEA9B}"
EndProject
Global
	GlobalSection(SolutionConfigurationPlatforms) = preSolution
		Debug|x64 = Debug|x64
		Debug|x86 = Debug|x86
		Release|x64 = Release|x64
		Release|x86 = Release|x86
	EndGlobalSection
	GlobalSection(ProjectConfigurationPlatforms) = postSolution
		{CD5C6FAB-9F86-4320-A57C-87B27E7BEA9B}.Debug|x64.ActiveCfg = Debug|x64
		{CD5C6FAB-9F86-4320-A57C-87B27E7BEA9B}.Debug|x64.Build.0 = Debug|x64
		{CD5C6FAB-9F86-4320-A57C-87B27E7BEA9B}.Debug|x86.ActiveCfg = Debug|Win32
		{CD5C6FAB-9F86-4320-A57C-87B27E7BEA9B}.Debug|x86.Build.0 = Debug|Win32
		{CD5C6FAB-9F86-4320-A57C-87B27E7BEA9B}.Release|x64.ActiveCfg = Release|x64
		{CD5C6FAB-9F86-4320-A57C-87B27E7BEA9B}.Release|x64.Build.0 = Release|x64
		{CD5C6FAB-9F86-4320-A57C-87B27E7BEA9B}.Release|x86.ActiveCfg = Release|Win32
		{CD5C6FAB-9F86-4320-A57C-87B27E7BEA9B}.Release|x86.Build.0 = Release|Win32
	EndGlobalSection
	GlobalSection(SolutionProperties) = preSolution
		HideSolutionNode = FALSE
	EndGlobalSection
	GlobalSection(ExtensibilityGlobals) = postSolution
		SolutionGuid = {24EFA2F7-2D5D-4D22-B580-EA3F8568040A}
	EndGlobalSection
EndGlobal
